
Microsoft Visual Studio Solution File, Format Version 12.00
# Visual Studio Version 17
VisualStudioVersion = 17.14.37012.4 d17.14
MinimumVisualStudioVersion = 10.0.40219.1
Project("{FAE04EC0-301F-11D3-BF4B-00C04F79EFBC}") = "Ch03_For", "Ch03_For.csproj", "{DD25BE35-E036-4BCC-BF70-700DF2AD325F}"
EndProject
Global
	GlobalSection(SolutionConfigurationPlatforms) = preSolution
		Debug|Any CPU = Debug|Any CPU
		Release|Any CPU = Release|Any CPU
	EndGlobalSection
	GlobalSection(ProjectConfigurationPlatforms) = postSolution
		{DD25BE35-E036-4BCC-BF70-700DF2AD325F}.Debug|Any CPU.ActiveCfg = Debug|Any CPU
		{DD25BE35-E036-4BCC-BF70-700DF2AD325F}.Debug|Any CPU.Build.0 = Debug|Any CPU
		{DD25BE35-E036-4BCC-BF70-700DF2AD325F}.Release|Any CPU.ActiveCfg = Release|Any CPU
		{DD25BE35-E036-4BCC-BF70-700DF2AD325F}.Release|Any CPU.Build.0 = Release|Any CPU
	EndGlobalSection
	GlobalSection(SolutionProperties) = preSolution
		HideSolutionNode = FALSE
	EndGlobalSection
	GlobalSection(ExtensibilityGlobals) = postSolution
		SolutionGuid = {4DF6D440-F232-4BD0-9C12-A626D83DBFE1}
	EndGlobalSection
EndGlobal
