
Microsoft Visual Studio Solution File, Format Version 12.00
# Visual Studio Version 17
VisualStudioVersion = 17.14.37012.4 d17.14
MinimumVisualStudioVersion = 10.0.40219.1
Project("{FAE04EC0-301F-11D3-BF4B-00C04F79EFBC}") = "Ch04_Method", "Ch04_Method.csproj", "{FAC01B75-7151-4F67-AEC1-14882500A8E0}"
EndProject
Global
	GlobalSection(SolutionConfigurationPlatforms) = preSolution
		Debug|Any CPU = Debug|Any CPU
		Release|Any CPU = Release|Any CPU
	EndGlobalSection
	GlobalSection(ProjectConfigurationPlatforms) = postSolution
		{FAC01B75-7151-4F67-AEC1-14882500A8E0}.Debug|Any CPU.ActiveCfg = Debug|Any CPU
		{FAC01B75-7151-4F67-AEC1-14882500A8E0}.Debug|Any CPU.Build.0 = Debug|Any CPU
		{FAC01B75-7151-4F67-AEC1-14882500A8E0}.Release|Any CPU.ActiveCfg = Release|Any CPU
		{FAC01B75-7151-4F67-AEC1-14882500A8E0}.Release|Any CPU.Build.0 = Release|Any CPU
	EndGlobalSection
	GlobalSection(SolutionProperties) = preSolution
		HideSolutionNode = FALSE
	EndGlobalSection
	GlobalSection(ExtensibilityGlobals) = postSolution
		SolutionGuid = {FBD66C25-3F3C-4E97-B2C6-530A7E38CCE5}
	EndGlobalSection
EndGlobal
